{
  "requires": true,
  "lockfileVersion": 1,
  "dependencies": {
    "@odoo/owl": {
      "version": "1.0.11",
      "resolved": "https://registry.npmjs.org/@odoo/owl/-/owl-1.0.11.tgz",
      "integrity": "sha512-tsRkotf7P8O4mQZ9Mzhwn9UQF6NGTIce06BRNVmxDX3ZIcSrbFcEP7O9/ykAHiN7/tlr1xNNkdLlR1A27C0oZw=="
    }
  }
}
